<?xml version="1.0" encoding="UTF-8" standalone="yes" ?>
<CodeBlocks_project_file>
	<FileVersion major="1" minor="6" />
	<Project>
		<Option title="prj_Ustynovych_4" />
		<Option pch_mode="2" />
		<Option compiler="gcc" />
		<Build>
			<Target title="Debug">
				<Option output="bin/Debug/prj_Ustynovych_4" prefix_auto="1" extension_auto="1" />
				<Option object_output="obj/Debug/" />
				<Option type="1" />
				<Option compiler="gcc" />
				<Compiler>
					<Add option="-g" />
					<Add directory="../ModulesUstynovych" />
					<Add directory="../ModulesIvanov" />
					<Add directory="../ModulesVasylenko" />
					<Add directory="../../prj" />
				</Compiler>
				<Linker>
					<Add library="../ModulesIvanov/bin/Debug/libModulesIvanov.a" />
					<Add library="../ModulesUstynovych/bin/Debug/libModulesUstynovych.a" />
					<Add library="../ModulesVasylenko/bin/Debug/libModulesVasylenko.a" />
					<Add directory="../ModulesUstynovych/bin/Debug" />
					<Add directory="../ModulesIvanov/bin/Debug" />
					<Add directory="../ModulesVasylenko/bin/Debug" />
				</Linker>
			</Target>
			<Target title="Release">
				<Option output="bin/Release/prj_Ustynovych_4" prefix_auto="1" extension_auto="1" />
				<Option object_output="obj/Release/" />
				<Option type="1" />
				<Option compiler="gcc" />
				<Compiler>
					<Add option="-O2" />
				</Compiler>
				<Linker>
					<Add option="-s" />
				</Linker>
			</Target>
		</Build>
		<Compiler>
			<Add option="-Wall" />
			<Add option="-fexceptions" />
		</Compiler>
		<Unit filename="main.cpp" />
		<Extensions>
			<lib_finder disable_auto="1" />
		</Extensions>
	</Project>
</CodeBlocks_project_file>
